
Microsoft Visual Studio Solution File, Format Version 12.00
# Visual Studio Version 16
VisualStudioVersion = 16.0.29920.165
MinimumVisualStudioVersion = 10.0.40219.1
Project("{FAE04EC0-301F-11D3-BF4B-00C04F79EFBC}") = "try-graphql-example", "try-graphql-example\try-graphql-example.csproj", "{D3998276-C168-4F3C-90C3-808EFD1C1669}"
EndProject
Global
	GlobalSection(SolutionConfigurationPlatforms) = preSolution
		Debug|Any CPU = Debug|Any CPU
		Release|Any CPU = Release|Any CPU
	EndGlobalSection
	GlobalSection(ProjectConfigurationPlatforms) = postSolution
		{D3998276-C168-4F3C-90C3-808EFD1C1669}.Debug|Any CPU.ActiveCfg = Debug|Any CPU
		{D3998276-C168-4F3C-90C3-808EFD1C1669}.Debug|Any CPU.Build.0 = Debug|Any CPU
		{D3998276-C168-4F3C-90C3-808EFD1C1669}.Release|Any CPU.ActiveCfg = Release|Any CPU
		{D3998276-C168-4F3C-90C3-808EFD1C1669}.Release|Any CPU.Build.0 = Release|Any CPU
	EndGlobalSection
	GlobalSection(SolutionProperties) = preSolution
		HideSolutionNode = FALSE
	EndGlobalSection
	GlobalSection(ExtensibilityGlobals) = postSolution
		SolutionGuid = {F8DA8649-B9CB-47F2-A2D3-B5582B15F7CE}
	EndGlobalSection
EndGlobal
